// !$*UTF8*$!
{
	archiveVersion = 1;
	classes = {
	};
	objectVersion = 46;
	objects = {

/* Begin PBXBuildFile section */
		77ADD5F69EB9A423C5C6CCD0 /* Pods_Hospital.framework in Frameworks */ = {isa = PBXBuildFile; fileRef = 6FDD044AF4C567975D65C5E8 /* Pods_Hospital.framework */; };
		CD6F36151EA4AFCC00EF77DC /* ClassRoom.storyboard in Resources */ = {isa = PBXBuildFile; fileRef = CD6F36041EA4AFCC00EF77DC /* ClassRoom.storyboard */; };
		CD6F36161EA4AFCC00EF77DC /* Forum.storyboard in Resources */ = {isa = PBXBuildFile; fileRef = CD6F36061EA4AFCC00EF77DC /* Forum.storyboard */; };
		CD6F36171EA4AFCC00EF77DC /* Medical.storyboard in Resources */ = {isa = PBXBuildFile; fileRef = CD6F36091EA4AFCC00EF77DC /* Medical.storyboard */; };
		CD6F36181EA4AFCC00EF77DC /* MyCenter.storyboard in Resources */ = {isa = PBXBuildFile; fileRef = CD6F360B1EA4AFCC00EF77DC /* MyCenter.storyboard */; };
		CD6F36191EA4AFCC00EF77DC /* News.storyboard in Resources */ = {isa = PBXBuildFile; fileRef = CD6F360D1EA4AFCC00EF77DC /* News.storyboard */; };
		CDB8B4B01EA387C1009680F2 /* AppDelegate.swift in Sources */ = {isa = PBXBuildFile; fileRef = CDB8B4AF1EA387C1009680F2 /* AppDelegate.swift */; };
		CDB8B4B51EA387C1009680F2 /* Main.storyboard in Resources */ = {isa = PBXBuildFile; fileRef = CDB8B4B31EA387C1009680F2 /* Main.storyboard */; };
		CDB8B4B81EA387C1009680F2 /* Hospital.xcdatamodeld in Sources */ = {isa = PBXBuildFile; fileRef = CDB8B4B61EA387C1009680F2 /* Hospital.xcdatamodeld */; };
		CDB8B4BD1EA387C1009680F2 /* LaunchScreen.storyboard in Resources */ = {isa = PBXBuildFile; fileRef = CDB8B4BB1EA387C1009680F2 /* LaunchScreen.storyboard */; };
		CDFB150E1EA3BBCA00D89C04 /* Assets.xcassets in Resources */ = {isa = PBXBuildFile; fileRef = CDFB150D1EA3BBCA00D89C04 /* Assets.xcassets */; };
/* End PBXBuildFile section */

/* Begin PBXFileReference section */
		0B07016F39F8F563381C8EFA /* Pods-Hospital.release.xcconfig */ = {isa = PBXFileReference; includeInIndex = 1; lastKnownFileType = text.xcconfig; name = "Pods-Hospital.release.xcconfig"; path = "Pods/Target Support Files/Pods-Hospital/Pods-Hospital.release.xcconfig"; sourceTree = "<group>"; };
		6FDD044AF4C567975D65C5E8 /* Pods_Hospital.framework */ = {isa = PBXFileReference; explicitFileType = wrapper.framework; includeInIndex = 0; path = Pods_Hospital.framework; sourceTree = BUILT_PRODUCTS_DIR; };
		8543800742D823946D7A70BE /* Pods-Hospital.debug.xcconfig */ = {isa = PBXFileReference; includeInIndex = 1; lastKnownFileType = text.xcconfig; name = "Pods-Hospital.debug.xcconfig"; path = "Pods/Target Support Files/Pods-Hospital/Pods-Hospital.debug.xcconfig"; sourceTree = "<group>"; };
		CD6F36041EA4AFCC00EF77DC /* ClassRoom.storyboard */ = {isa = PBXFileReference; fileEncoding = 4; lastKnownFileType = file.storyboard; path = ClassRoom.storyboard; sourceTree = "<group>"; };
		CD6F36061EA4AFCC00EF77DC /* Forum.storyboard */ = {isa = PBXFileReference; fileEncoding = 4; lastKnownFileType = file.storyboard; path = Forum.storyboard; sourceTree = "<group>"; };
		CD6F36091EA4AFCC00EF77DC /* Medical.storyboard */ = {isa = PBXFileReference; fileEncoding = 4; lastKnownFileType = file.storyboard; path = Medical.storyboard; sourceTree = "<group>"; };
		CD6F360B1EA4AFCC00EF77DC /* MyCenter.storyboard */ = {isa = PBXFileReference; fileEncoding = 4; lastKnownFileType = file.storyboard; path = MyCenter.storyboard; sourceTree = "<group>"; };
		CD6F360D1EA4AFCC00EF77DC /* News.storyboard */ = {isa = PBXFileReference; fileEncoding = 4; lastKnownFileType = file.storyboard; path = News.storyboard; sourceTree = "<group>"; };
		CDB8B4AC1EA387C1009680F2 /* Hospital.app */ = {isa = PBXFileReference; explicitFileType = wrapper.application; includeInIndex = 0; path = Hospital.app; sourceTree = BUILT_PRODUCTS_DIR; };
		CDB8B4AF1EA387C1009680F2 /* AppDelegate.swift */ = {isa = PBXFileReference; lastKnownFileType = sourcecode.swift; path = AppDelegate.swift; sourceTree = "<group>"; };
		CDB8B4B41EA387C1009680F2 /* Base */ = {isa = PBXFileReference; lastKnownFileType = file.storyboard; name = Base; path = Base.lproj/Main.storyboard; sourceTree = "<group>"; };
		CDB8B4B71EA387C1009680F2 /* Hospital.xcdatamodel */ = {isa = PBXFileReference; lastKnownFileType = wrapper.xcdatamodel; path = Hospital.xcdatamodel; sourceTree = "<group>"; };
		CDB8B4BC1EA387C1009680F2 /* Base */ = {isa = PBXFileReference; lastKnownFileType = file.storyboard; name = Base; path = Base.lproj/LaunchScreen.storyboard; sourceTree = "<group>"; };
		CDB8B4BE1EA387C1009680F2 /* Info.plist */ = {isa = PBXFileReference; lastKnownFileType = text.plist.xml; path = Info.plist; sourceTree = "<group>"; };
		CDFB150D1EA3BBCA00D89C04 /* Assets.xcassets */ = {isa = PBXFileReference; lastKnownFileType = folder.assetcatalog; path = Assets.xcassets; sourceTree = "<group>"; };
/* End PBXFileReference section */

/* Begin PBXFrameworksBuildPhase section */
		CDB8B4A91EA387C1009680F2 /* Frameworks */ = {
			isa = PBXFrameworksBuildPhase;
			buildActionMask = 2147483647;
			files = (
				77ADD5F69EB9A423C5C6CCD0 /* Pods_Hospital.framework in Frameworks */,
			);
			runOnlyForDeploymentPostprocessing = 0;
		};
/* End PBXFrameworksBuildPhase section */

/* Begin PBXGroup section */
		2BE02DF27CC991BCB318C8F8 /* Frameworks */ = {
			isa = PBXGroup;
			children = (
				6FDD044AF4C567975D65C5E8 /* Pods_Hospital.framework */,
			);
			name = Frameworks;
			sourceTree = "<group>";
		};
		4352505BF4880B78F9E11588 /* Pods */ = {
			isa = PBXGroup;
			children = (
				8543800742D823946D7A70BE /* Pods-Hospital.debug.xcconfig */,
				0B07016F39F8F563381C8EFA /* Pods-Hospital.release.xcconfig */,
			);
			name = Pods;
			sourceTree = "<group>";
		};
		CD6F35FB1EA4AFCC00EF77DC /* Model */ = {
			isa = PBXGroup;
			children = (
				CD6F35FC1EA4AFCC00EF77DC /* ClassRoom */,
				CD6F35FD1EA4AFCC00EF77DC /* Forum */,
				CD6F35FE1EA4AFCC00EF77DC /* Main */,
				CD6F35FF1EA4AFCC00EF77DC /* Medical */,
				CD6F36001EA4AFCC00EF77DC /* MyCenter */,
				CD6F36011EA4AFCC00EF77DC /* News */,
			);
			path = Model;
			sourceTree = "<group>";
		};
		CD6F35FC1EA4AFCC00EF77DC /* ClassRoom */ = {
			isa = PBXGroup;
			children = (
			);
			path = ClassRoom;
			sourceTree = "<group>";
		};
		CD6F35FD1EA4AFCC00EF77DC /* Forum */ = {
			isa = PBXGroup;
			children = (
			);
			path = Forum;
			sourceTree = "<group>";
		};
		CD6F35FE1EA4AFCC00EF77DC /* Main */ = {
			isa = PBXGroup;
			children = (
			);
			path = Main;
			sourceTree = "<group>";
		};
		CD6F35FF1EA4AFCC00EF77DC /* Medical */ = {
			isa = PBXGroup;
			children = (
			);
			path = Medical;
			sourceTree = "<group>";
		};
		CD6F36001EA4AFCC00EF77DC /* MyCenter */ = {
			isa = PBXGroup;
			children = (
			);
			path = MyCenter;
			sourceTree = "<group>";
		};
		CD6F36011EA4AFCC00EF77DC /* News */ = {
			isa = PBXGroup;
			children = (
			);
			path = News;
			sourceTree = "<group>";
		};
		CD6F36021EA4AFCC00EF77DC /* View */ = {
			isa = PBXGroup;
			children = (
				CD6F36031EA4AFCC00EF77DC /* ClassRoom */,
				CD6F36051EA4AFCC00EF77DC /* Forum */,
				CD6F36071EA4AFCC00EF77DC /* Main */,
				CD6F36081EA4AFCC00EF77DC /* Medical */,
				CD6F360A1EA4AFCC00EF77DC /* MyCenter */,
				CD6F360C1EA4AFCC00EF77DC /* News */,
			);
			path = View;
			sourceTree = "<group>";
		};
		CD6F36031EA4AFCC00EF77DC /* ClassRoom */ = {
			isa = PBXGroup;
			children = (
				CD6F36041EA4AFCC00EF77DC /* ClassRoom.storyboard */,
			);
			path = ClassRoom;
			sourceTree = "<group>";
		};
		CD6F36051EA4AFCC00EF77DC /* Forum */ = {
			isa = PBXGroup;
			children = (
				CD6F36061EA4AFCC00EF77DC /* Forum.storyboard */,
			);
			path = Forum;
			sourceTree = "<group>";
		};
		CD6F36071EA4AFCC00EF77DC /* Main */ = {
			isa = PBXGroup;
			children = (
				CDB8B4B31EA387C1009680F2 /* Main.storyboard */,
				CDB8B4BB1EA387C1009680F2 /* LaunchScreen.storyboard */,
			);
			path = Main;
			sourceTree = "<group>";
		};
		CD6F36081EA4AFCC00EF77DC /* Medical */ = {
			isa = PBXGroup;
			children = (
				CD6F36091EA4AFCC00EF77DC /* Medical.storyboard */,
			);
			path = Medical;
			sourceTree = "<group>";
		};
		CD6F360A1EA4AFCC00EF77DC /* MyCenter */ = {
			isa = PBXGroup;
			children = (
				CD6F360B1EA4AFCC00EF77DC /* MyCenter.storyboard */,
			);
			path = MyCenter;
			sourceTree = "<group>";
		};
		CD6F360C1EA4AFCC00EF77DC /* News */ = {
			isa = PBXGroup;
			children = (
				CD6F360D1EA4AFCC00EF77DC /* News.storyboard */,
			);
			path = News;
			sourceTree = "<group>";
		};
		CD6F360E1EA4AFCC00EF77DC /* ViewModel */ = {
			isa = PBXGroup;
			children = (
				CD6F360F1EA4AFCC00EF77DC /* ClassRoom */,
				CD6F36101EA4AFCC00EF77DC /* Forum */,
				CD6F36111EA4AFCC00EF77DC /* Main */,
				CD6F36121EA4AFCC00EF77DC /* Medical */,
				CD6F36131EA4AFCC00EF77DC /* MyCenter */,
				CD6F36141EA4AFCC00EF77DC /* News */,
			);
			path = ViewModel;
			sourceTree = "<group>";
		};
		CD6F360F1EA4AFCC00EF77DC /* ClassRoom */ = {
			isa = PBXGroup;
			children = (
			);
			path = ClassRoom;
			sourceTree = "<group>";
		};
		CD6F36101EA4AFCC00EF77DC /* Forum */ = {
			isa = PBXGroup;
			children = (
			);
			path = Forum;
			sourceTree = "<group>";
		};
		CD6F36111EA4AFCC00EF77DC /* Main */ = {
			isa = PBXGroup;
			children = (
			);
			path = Main;
			sourceTree = "<group>";
		};
		CD6F36121EA4AFCC00EF77DC /* Medical */ = {
			isa = PBXGroup;
			children = (
			);
			path = Medical;
			sourceTree = "<group>";
		};
		CD6F36131EA4AFCC00EF77DC /* MyCenter */ = {
			isa = PBXGroup;
			children = (
			);
			path = MyCenter;
			sourceTree = "<group>";
		};
		CD6F36141EA4AFCC00EF77DC /* News */ = {
			isa = PBXGroup;
			children = (
			);
			path = News;
			sourceTree = "<group>";
		};
		CDB8B4A31EA387C1009680F2 = {
			isa = PBXGroup;
			children = (
				CDB8B4AE1EA387C1009680F2 /* Hospital */,
				CDB8B4AD1EA387C1009680F2 /* Products */,
				4352505BF4880B78F9E11588 /* Pods */,
				2BE02DF27CC991BCB318C8F8 /* Frameworks */,
			);
			sourceTree = "<group>";
		};
		CDB8B4AD1EA387C1009680F2 /* Products */ = {
			isa = PBXGroup;
			children = (
				CDB8B4AC1EA387C1009680F2 /* Hospital.app */,
			);
			name = Products;
			sourceTree = "<group>";
		};
		CDB8B4AE1EA387C1009680F2 /* Hospital */ = {
			isa = PBXGroup;
			children = (
				CDB8B4AF1EA387C1009680F2 /* AppDelegate.swift */,
				CD6F35FB1EA4AFCC00EF77DC /* Model */,
				CD6F36021EA4AFCC00EF77DC /* View */,
				CD6F360E1EA4AFCC00EF77DC /* ViewModel */,
				CDB8B4BE1EA387C1009680F2 /* Info.plist */,
				CDB8B4B61EA387C1009680F2 /* Hospital.xcdatamodeld */,
				CDFB150D1EA3BBCA00D89C04 /* Assets.xcassets */,
			);
			path = Hospital;
			sourceTree = "<group>";
		};
/* End PBXGroup section */

/* Begin PBXNativeTarget section */
		CDB8B4AB1EA387C1009680F2 /* Hospital */ = {
			isa = PBXNativeTarget;
			buildConfigurationList = CDB8B4C11EA387C1009680F2 /* Build configuration list for PBXNativeTarget "Hospital" */;
			buildPhases = (
				9B233D21C6ADCF3E40BE6D85 /* [CP] Check Pods Manifest.lock */,
				CDB8B4A81EA387C1009680F2 /* Sources */,
				CDB8B4A91EA387C1009680F2 /* Frameworks */,
				CDB8B4AA1EA387C1009680F2 /* Resources */,
				AE3E8791AD1D8386F39CC61B /* [CP] Embed Pods Frameworks */,
				6E6B5A57D325CB73B478B7EA /* [CP] Copy Pods Resources */,
			);
			buildRules = (
			);
			dependencies = (
			);
			name = Hospital;
			productName = Hospital;
			productReference = CDB8B4AC1EA387C1009680F2 /* Hospital.app */;
			productType = "com.apple.product-type.application";
		};
/* End PBXNativeTarget section */

/* Begin PBXProject section */
		CDB8B4A41EA387C1009680F2 /* Project object */ = {
			isa = PBXProject;
			attributes = {
				LastSwiftUpdateCheck = 0830;
				LastUpgradeCheck = 0830;
				ORGANIZATIONNAME = ChangHongCloudTechService;
				TargetAttributes = {
					CDB8B4AB1EA387C1009680F2 = {
						CreatedOnToolsVersion = 8.3;
						ProvisioningStyle = Automatic;
					};
				};
			};
			buildConfigurationList = CDB8B4A71EA387C1009680F2 /* Build configuration list for PBXProject "Hospital" */;
			compatibilityVersion = "Xcode 3.2";
			developmentRegion = English;
			hasScannedForEncodings = 0;
			knownRegions = (
				en,
				Base,
			);
			mainGroup = CDB8B4A31EA387C1009680F2;
			productRefGroup = CDB8B4AD1EA387C1009680F2 /* Products */;
			projectDirPath = "";
			projectRoot = "";
			targets = (
				CDB8B4AB1EA387C1009680F2 /* Hospital */,
			);
		};
/* End PBXProject section */

/* Begin PBXResourcesBuildPhase section */
		CDB8B4AA1EA387C1009680F2 /* Resources */ = {
			isa = PBXResourcesBuildPhase;
			buildActionMask = 2147483647;
			files = (
				CDB8B4BD1EA387C1009680F2 /* LaunchScreen.storyboard in Resources */,
				CD6F36181EA4AFCC00EF77DC /* MyCenter.storyboard in Resources */,
				CD6F36161EA4AFCC00EF77DC /* Forum.storyboard in Resources */,
				CD6F36191EA4AFCC00EF77DC /* News.storyboard in Resources */,
				CD6F36171EA4AFCC00EF77DC /* Medical.storyboard in Resources */,
				CDFB150E1EA3BBCA00D89C04 /* Assets.xcassets in Resources */,
				CD6F36151EA4AFCC00EF77DC /* ClassRoom.storyboard in Resources */,
				CDB8B4B51EA387C1009680F2 /* Main.storyboard in Resources */,
			);
			runOnlyForDeploymentPostprocessing = 0;
		};
/* End PBXResourcesBuildPhase section */

/* Begin PBXShellScriptBuildPhase section */
		6E6B5A57D325CB73B478B7EA /* [CP] Copy Pods Resources */ = {
			isa = PBXShellScriptBuildPhase;
			buildActionMask = 2147483647;
			files = (
			);
			inputPaths = (
			);
			name = "[CP] Copy Pods Resources";
			outputPaths = (
			);
			runOnlyForDeploymentPostprocessing = 0;
			shellPath = /bin/sh;
			shellScript = "\"${SRCROOT}/Pods/Target Support Files/Pods-Hospital/Pods-Hospital-resources.sh\"\n";
			showEnvVarsInLog = 0;
		};
		9B233D21C6ADCF3E40BE6D85 /* [CP] Check Pods Manifest.lock */ = {
			isa = PBXShellScriptBuildPhase;
			buildActionMask = 2147483647;
			files = (
			);
			inputPaths = (
			);
			name = "[CP] Check Pods Manifest.lock";
			outputPaths = (
			);
			runOnlyForDeploymentPostprocessing = 0;
			shellPath = /bin/sh;
			shellScript = "diff \"${PODS_ROOT}/../Podfile.lock\" \"${PODS_ROOT}/Manifest.lock\" > /dev/null\nif [ $? != 0 ] ; then\n    # print error to STDERR\n    echo \"error: The sandbox is not in sync with the Podfile.lock. Run 'pod install' or update your CocoaPods installation.\" >&2\n    exit 1\nfi\n";
			showEnvVarsInLog = 0;
		};
		AE3E8791AD1D8386F39CC61B /* [CP] Embed Pods Frameworks */ = {
			isa = PBXShellScriptBuildPhase;
			buildActionMask = 2147483647;
			files = (
			);
			inputPaths = (
			);
			name = "[CP] Embed Pods Frameworks";
			outputPaths = (
			);
			runOnlyForDeploymentPostprocessing = 0;
			shellPath = /bin/sh;
			shellScript = "\"${SRCROOT}/Pods/Target Support Files/Pods-Hospital/Pods-Hospital-frameworks.sh\"\n";
			showEnvVarsInLog = 0;
		};
/* End PBXShellScriptBuildPhase section */

/* Begin PBXSourcesBuildPhase section */
		CDB8B4A81EA387C1009680F2 /* Sources */ = {
			isa = PBXSourcesBuildPhase;
			buildActionMask = 2147483647;
			files = (
				CDB8B4B81EA387C1009680F2 /* Hospital.xcdatamodeld in Sources */,
				CDB8B4B01EA387C1009680F2 /* AppDelegate.swift in Sources */,
			);
			runOnlyForDeploymentPostprocessing = 0;
		};
/* End PBXSourcesBuildPhase section */

/* Begin PBXVariantGroup section */
		CDB8B4B31EA387C1009680F2 /* Main.storyboard */ = {
			isa = PBXVariantGroup;
			children = (
				CDB8B4B41EA387C1009680F2 /* Base */,
			);
			name = Main.storyboard;
			path = ../..;
			sourceTree = "<group>";
		};
		CDB8B4BB1EA387C1009680F2 /* LaunchScreen.storyboard */ = {
			isa = PBXVariantGroup;
			children = (
				CDB8B4BC1EA387C1009680F2 /* Base */,
			);
			name = LaunchScreen.storyboard;
			path = ../..;
			sourceTree = "<group>";
		};
/* End PBXVariantGroup section */

/* Begin XCBuildConfiguration section */
		CDB8B4BF1EA387C1009680F2 /* Debug */ = {
			isa = XCBuildConfiguration;
			buildSettings = {
				ALWAYS_SEARCH_USER_PATHS = NO;
				CLANG_ANALYZER_NONNULL = YES;
				CLANG_ANALYZER_NUMBER_OBJECT_CONVERSION = YES_AGGRESSIVE;
				CLANG_CXX_LANGUAGE_STANDARD = "gnu++0x";
				CLANG_CXX_LIBRARY = "libc++";
				CLANG_ENABLE_MODULES = YES;
				CLANG_ENABLE_OBJC_ARC = YES;
				CLANG_WARN_BOOL_CONVERSION = YES;
				CLANG_WARN_CONSTANT_CONVERSION = YES;
				CLANG_WARN_DIRECT_OBJC_ISA_USAGE = YES_ERROR;
				CLANG_WARN_DOCUMENTATION_COMMENTS = YES;
				CLANG_WARN_EMPTY_BODY = YES;
				CLANG_WARN_ENUM_CONVERSION = YES;
				CLANG_WARN_INFINITE_RECURSION = YES;
				CLANG_WARN_INT_CONVERSION = YES;
				CLANG_WARN_OBJC_ROOT_CLASS = YES_ERROR;
				CLANG_WARN_SUSPICIOUS_MOVE = YES;
				CLANG_WARN_UNREACHABLE_CODE = YES;
				CLANG_WARN__DUPLICATE_METHOD_MATCH = YES;
				"CODE_SIGN_IDENTITY[sdk=iphoneos*]" = "iPhone Developer";
				COPY_PHASE_STRIP = NO;
				DEBUG_INFORMATION_FORMAT = dwarf;
				ENABLE_STRICT_OBJC_MSGSEND = YES;
				ENABLE_TESTABILITY = YES;
				GCC_C_LANGUAGE_STANDARD = gnu99;
				GCC_DYNAMIC_NO_PIC = NO;
				GCC_NO_COMMON_BLOCKS = YES;
				GCC_OPTIMIZATION_LEVEL = 0;
				GCC_PREPROCESSOR_DEFINITIONS = (
					"DEBUG=1",
					"$(inherited)",
				);
				GCC_WARN_64_TO_32_BIT_CONVERSION = YES;
				GCC_WARN_ABOUT_RETURN_TYPE = YES_ERROR;
				GCC_WARN_UNDECLARED_SELECTOR = YES;
				GCC_WARN_UNINITIALIZED_AUTOS = YES_AGGRESSIVE;
				GCC_WARN_UNUSED_FUNCTION = YES;
				GCC_WARN_UNUSED_VARIABLE = YES;
				IPHONEOS_DEPLOYMENT_TARGET = 10.3;
				MTL_ENABLE_DEBUG_INFO = YES;
				ONLY_ACTIVE_ARCH = YES;
				SDKROOT = iphoneos;
				SWIFT_ACTIVE_COMPILATION_CONDITIONS = DEBUG;
				SWIFT_OPTIMIZATION_LEVEL = "-Onone";
				TARGETED_DEVICE_FAMILY = "1,2";
			};
			name = Debug;
		};
		CDB8B4C01EA387C1009680F2 /* Release */ = {
			isa = XCBuildConfiguration;
			buildSettings = {
				ALWAYS_SEARCH_USER_PATHS = NO;
				CLANG_ANALYZER_NONNULL = YES;
				CLANG_ANALYZER_NUMBER_OBJECT_CONVERSION = YES_AGGRESSIVE;
				CLANG_CXX_LANGUAGE_STANDARD = "gnu++0x";
				CLANG_CXX_LIBRARY = "libc++";
				CLANG_ENABLE_MODULES = YES;
				CLANG_ENABLE_OBJC_ARC = YES;
				CLANG_WARN_BOOL_CONVERSION = YES;
				CLANG_WARN_CONSTANT_CONVERSION = YES;
				CLANG_WARN_DIRECT_OBJC_ISA_USAGE = YES_ERROR;
				CLANG_WARN_DOCUMENTATION_COMMENTS = YES;
				CLANG_WARN_EMPTY_BODY = YES;
				CLANG_WARN_ENUM_CONVERSION = YES;
				CLANG_WARN_INFINITE_RECURSION = YES;
				CLANG_WARN_INT_CONVERSION = YES;
				CLANG_WARN_OBJC_ROOT_CLASS = YES_ERROR;
				CLANG_WARN_SUSPICIOUS_MOVE = YES;
				CLANG_WARN_UNREACHABLE_CODE = YES;
				CLANG_WARN__DUPLICATE_METHOD_MATCH = YES;
				"CODE_SIGN_IDENTITY[sdk=iphoneos*]" = "iPhone Developer";
				COPY_PHASE_STRIP = NO;
				DEBUG_INFORMATION_FORMAT = "dwarf-with-dsym";
				ENABLE_NS_ASSERTIONS = NO;
				ENABLE_STRICT_OBJC_MSGSEND = YES;
				GCC_C_LANGUAGE_STANDARD = gnu99;
				GCC_NO_COMMON_BLOCKS = YES;
				GCC_WARN_64_TO_32_BIT_CONVERSION = YES;
				GCC_WARN_ABOUT_RETURN_TYPE = YES_ERROR;
				GCC_WARN_UNDECLARED_SELECTOR = YES;
				GCC_WARN_UNINITIALIZED_AUTOS = YES_AGGRESSIVE;
				GCC_WARN_UNUSED_FUNCTION = YES;
				GCC_WARN_UNUSED_VARIABLE = YES;
				IPHONEOS_DEPLOYMENT_TARGET = 10.3;
				MTL_ENABLE_DEBUG_INFO = NO;
				SDKROOT = iphoneos;
				SWIFT_OPTIMIZATION_LEVEL = "-Owholemodule";
				TARGETED_DEVICE_FAMILY = "1,2";
				VALIDATE_PRODUCT = YES;
			};
			name = Release;
		};
		CDB8B4C21EA387C1009680F2 /* Debug */ = {
			isa = XCBuildConfiguration;
			baseConfigurationReference = 8543800742D823946D7A70BE /* Pods-Hospital.debug.xcconfig */;
			buildSettings = {
				ASSETCATALOG_COMPILER_APPICON_NAME = AppIcon;
				INFOPLIST_FILE = Hospital/Info.plist;
				LD_RUNPATH_SEARCH_PATHS = "$(inherited) @executable_path/Frameworks";
				PRODUCT_BUNDLE_IDENTIFIER = "cn.msh.-hospital.ios.Hospital";
				PRODUCT_NAME = "$(TARGET_NAME)";
				SWIFT_VERSION = 3.0;
				TARGETED_DEVICE_FAMILY = 1;
			};
			name = Debug;
		};
		CDB8B4C31EA387C1009680F2 /* Release */ = {
			isa = XCBuildConfiguration;
			baseConfigurationReference = 0B07016F39F8F563381C8EFA /* Pods-Hospital.release.xcconfig */;
			buildSettings = {
				ASSETCATALOG_COMPILER_APPICON_NAME = AppIcon;
				INFOPLIST_FILE = Hospital/Info.plist;
				LD_RUNPATH_SEARCH_PATHS = "$(inherited) @executable_path/Frameworks";
				PRODUCT_BUNDLE_IDENTIFIER = "cn.msh.-hospital.ios.Hospital";
				PRODUCT_NAME = "$(TARGET_NAME)";
				SWIFT_VERSION = 3.0;
				TARGETED_DEVICE_FAMILY = 1;
			};
			name = Release;
		};
/* End XCBuildConfiguration section */

/* Begin XCConfigurationList section */
		CDB8B4A71EA387C1009680F2 /* Build configuration list for PBXProject "Hospital" */ = {
			isa = XCConfigurationList;
			buildConfigurations = (
				CDB8B4BF1EA387C1009680F2 /* Debug */,
				CDB8B4C01EA387C1009680F2 /* Release */,
			);
			defaultConfigurationIsVisible = 0;
			defaultConfigurationName = Release;
		};
		CDB8B4C11EA387C1009680F2 /* Build configuration list for PBXNativeTarget "Hospital" */ = {
			isa = XCConfigurationList;
			buildConfigurations = (
				CDB8B4C21EA387C1009680F2 /* Debug */,
				CDB8B4C31EA387C1009680F2 /* Release */,
			);
			defaultConfigurationIsVisible = 0;
			defaultConfigurationName = Release;
		};
/* End XCConfigurationList section */

/* Begin XCVersionGroup section */
		CDB8B4B61EA387C1009680F2 /* Hospital.xcdatamodeld */ = {
			isa = XCVersionGroup;
			children = (
				CDB8B4B71EA387C1009680F2 /* Hospital.xcdatamodel */,
			);
			currentVersion = CDB8B4B71EA387C1009680F2 /* Hospital.xcdatamodel */;
			path = Hospital.xcdatamodeld;
			sourceTree = "<group>";
			versionGroupType = wrapper.xcdatamodel;
		};
/* End XCVersionGroup section */
	};
	rootObject = CDB8B4A41EA387C1009680F2 /* Project object */;
}
